
Microsoft Visual Studio Solution File, Format Version 12.00
# Visual Studio 15
VisualStudioVersion = 15.0.27428.2015
MinimumVisualStudioVersion = 10.0.40219.1
Project("{FAE04EC0-301F-11D3-BF4B-00C04F79EFBC}") = "dm-tools-wpf", "dm-tools-wpf\dm-tools-wpf.csproj", "{7BF6260E-0EC2-45A0-91CA-41B0FF645FAF}"
EndProject
Global
	GlobalSection(SolutionConfigurationPlatforms) = preSolution
		Debug|Any CPU = Debug|Any CPU
		Release|Any CPU = Release|Any CPU
	EndGlobalSection
	GlobalSection(ProjectConfigurationPlatforms) = postSolution
		{7BF6260E-0EC2-45A0-91CA-41B0FF645FAF}.Debug|Any CPU.ActiveCfg = Debug|Any CPU
		{7BF6260E-0EC2-45A0-91CA-41B0FF645FAF}.Debug|Any CPU.Build.0 = Debug|Any CPU
		{7BF6260E-0EC2-45A0-91CA-41B0FF645FAF}.Release|Any CPU.ActiveCfg = Release|Any CPU
		{7BF6260E-0EC2-45A0-91CA-41B0FF645FAF}.Release|Any CPU.Build.0 = Release|Any CPU
	EndGlobalSection
	GlobalSection(SolutionProperties) = preSolution
		HideSolutionNode = FALSE
	EndGlobalSection
	GlobalSection(ExtensibilityGlobals) = postSolution
		SolutionGuid = {27222C0A-66F4-4D3A-A4F2-100FC91C3427}
	EndGlobalSection
EndGlobal
